
Microsoft Visual Studio Solution File, Format Version 12.00
# Visual Studio Version 17
VisualStudioVersion = 17.12.35707.178
MinimumVisualStudioVersion = 10.0.40219.1
Project("{FAE04EC0-301F-11D3-BF4B-00C04F79EFBC}") = "FlexiTools.API", "FlexiTools.API\FlexiTools.API.csproj", "{921959A1-2A88-4705-8FFE-F9BDF286F84A}"
EndProject
Project("{E53339B2-1760-4266-BCC7-CA923CBCF16C}") = "docker-compose", "docker-compose.dcproj", "{DE42393F-4998-4C34-BC26-8FA29982FF33}"
EndProject
Project("{FAE04EC0-301F-11D3-BF4B-00C04F79EFBC}") = "FlexiTools.Client", "FlexiTools.Client\FlexiTools.Client.csproj", "{4076CFDD-2178-45C5-B1FD-6AD25391A927}"
EndProject
Global
	GlobalSection(SolutionConfigurationPlatforms) = preSolution
		Debug|Any CPU = Debug|Any CPU
		Release|Any CPU = Release|Any CPU
	EndGlobalSection
	GlobalSection(ProjectConfigurationPlatforms) = postSolution
		{921959A1-2A88-4705-8FFE-F9BDF286F84A}.Debug|Any CPU.ActiveCfg = Debug|Any CPU
		{921959A1-2A88-4705-8FFE-F9BDF286F84A}.Debug|Any CPU.Build.0 = Debug|Any CPU
		{921959A1-2A88-4705-8FFE-F9BDF286F84A}.Release|Any CPU.ActiveCfg = Release|Any CPU
		{921959A1-2A88-4705-8FFE-F9BDF286F84A}.Release|Any CPU.Build.0 = Release|Any CPU
		{DE42393F-4998-4C34-BC26-8FA29982FF33}.Debug|Any CPU.ActiveCfg = Debug|Any CPU
		{DE42393F-4998-4C34-BC26-8FA29982FF33}.Debug|Any CPU.Build.0 = Debug|Any CPU
		{DE42393F-4998-4C34-BC26-8FA29982FF33}.Release|Any CPU.ActiveCfg = Release|Any CPU
		{DE42393F-4998-4C34-BC26-8FA29982FF33}.Release|Any CPU.Build.0 = Release|Any CPU
		{4076CFDD-2178-45C5-B1FD-6AD25391A927}.Debug|Any CPU.ActiveCfg = Debug|Any CPU
		{4076CFDD-2178-45C5-B1FD-6AD25391A927}.Debug|Any CPU.Build.0 = Debug|Any CPU
		{4076CFDD-2178-45C5-B1FD-6AD25391A927}.Release|Any CPU.ActiveCfg = Release|Any CPU
		{4076CFDD-2178-45C5-B1FD-6AD25391A927}.Release|Any CPU.Build.0 = Release|Any CPU
	EndGlobalSection
	GlobalSection(SolutionProperties) = preSolution
		HideSolutionNode = FALSE
	EndGlobalSection
EndGlobal
